# THIS IS AN AUTOGENERATED FILE. DO NOT EDIT THIS FILE DIRECTLY.
# yarn lockfile v1


csv-parse@^4.3.4:
  version "4.3.4"
  resolved "https://registry.yarnpkg.com/csv-parse/-/csv-parse-4.3.4.tgz#fc896c170ebbdf6fb286de85c41bbaea4973d25f"
  integrity sha512-M1R4WL+vt81+GnkKzi0s1qQM6WXvHQKDecNkpozzAEG8LHvIW9bq5eBnOKFQn50fTuAos7JodBh/07MK+J6G2Q==

csv-stringify@^5.3.0:
  version "5.3.0"
  resolved "https://registry.yarnpkg.com/csv-stringify/-/csv-stringify-5.3.0.tgz#ff2dfafa6fcccd455ff5039be9c202475aa3bbe0"
  integrity sha512-VMYPbE8zWz475smwqb9VbX9cj0y4J0PBl59UdcqzLkzXHZZ8dh4Rmbb0ZywsWEtUml4A96Hn7Q5MW9ppVghYzg==
  dependencies:
    lodash.get "~4.4.2"

lodash.get@~4.4.2:
  version "4.4.2"
  resolved "https://registry.yarnpkg.com/lodash.get/-/lodash.get-4.4.2.tgz#2d177f652fa31e939b4438d5341499dfa3825e99"
  integrity sha1-LRd/ZS+jHpObRDjVNBSZ36OCXpk=

minimist@^1.2.0:
  version "1.2.0"
  resolved "https://registry.yarnpkg.com/minimist/-/minimist-1.2.0.tgz#a35008b20f41383eec1fb914f4cd5df79a264284"
  integrity sha1-o1AIsg9BOD7sH7kU9M1d95omQoQ=

split@^1.0.1:
  version "1.0.1"
  resolved "https://registry.yarnpkg.com/split/-/split-1.0.1.tgz#605bd9be303aa59fb35f9229fbea0ddec9ea07d9"
  integrity sha512-mTyOoPbrivtXnwnIxZRFYRrPNtEFKlpB2fvjSnCQUiAA6qAZzqwna5envK4uk6OIeP17CsdF3rSBGYVBsU0Tkg==
  dependencies:
    through "2"

through@2:
  version "2.3.8"
  resolved "https://registry.yarnpkg.com/through/-/through-2.3.8.tgz#0dd4c9ffaabc357960b1b724115d7e0e86a2e1f5"
  integrity sha1-DdTJ/6q8NXlgsbckEV1+Doai4fU=
